
Microsoft Visual Studio Solution File, Format Version 12.00
# Visual Studio 15
VisualStudioVersion = 15.0.27703.2026
MinimumVisualStudioVersion = 10.0.40219.1
Project("{9A19103F-16F7-4668-BE54-9A1E7A4F7556}") = "RateLimiter", "RateLimiter\RateLimiter.csproj", "{EB70FCC6-051A-4B84-BD28-6B8A14353FA5}"
EndProject
Project("{9A19103F-16F7-4668-BE54-9A1E7A4F7556}") = "RateLimiter.Tests", "RateLimiter.Tests\RateLimiter.Tests.csproj", "{A42DCD64-6A45-405C-A50A-EEF9660FDC00}"
EndProject
Global
	GlobalSection(SolutionConfigurationPlatforms) = preSolution
		Debug|Any CPU = Debug|Any CPU
		Release|Any CPU = Release|Any CPU
	EndGlobalSection
	GlobalSection(ProjectConfigurationPlatforms) = postSolution
		{EB70FCC6-051A-4B84-BD28-6B8A14353FA5}.Debug|Any CPU.ActiveCfg = Debug|Any CPU
		{EB70FCC6-051A-4B84-BD28-6B8A14353FA5}.Debug|Any CPU.Build.0 = Debug|Any CPU
		{EB70FCC6-051A-4B84-BD28-6B8A14353FA5}.Release|Any CPU.ActiveCfg = Release|Any CPU
		{EB70FCC6-051A-4B84-BD28-6B8A14353FA5}.Release|Any CPU.Build.0 = Release|Any CPU
		{A42DCD64-6A45-405C-A50A-EEF9660FDC00}.Debug|Any CPU.ActiveCfg = Debug|Any CPU
		{A42DCD64-6A45-405C-A50A-EEF9660FDC00}.Debug|Any CPU.Build.0 = Debug|Any CPU
		{A42DCD64-6A45-405C-A50A-EEF9660FDC00}.Release|Any CPU.ActiveCfg = Release|Any CPU
		{A42DCD64-6A45-405C-A50A-EEF9660FDC00}.Release|Any CPU.Build.0 = Release|Any CPU
	EndGlobalSection
	GlobalSection(SolutionProperties) = preSolution
		HideSolutionNode = FALSE
	EndGlobalSection
	GlobalSection(ExtensibilityGlobals) = postSolution
		SolutionGuid = {03AE3204-DEB4-4901-8E59-3E7B35D4B9EC}
	EndGlobalSection
EndGlobal
